
Microsoft Visual Studio Solution File, Format Version 12.00
# Visual Studio 15
VisualStudioVersion = 15.0.28307.329
MinimumVisualStudioVersion = 10.0.40219.1
Project("{8BC9CEB8-8B4A-11D0-8D11-00A0C91BC942}") = "Practice6", "Practice6\Practice6.vcxproj", "{98719EB1-CE41-450D-9DA3-B53EB0E3E9E1}"
EndProject
Global
	GlobalSection(SolutionConfigurationPlatforms) = preSolution
		Debug|x64 = Debug|x64
		Debug|x86 = Debug|x86
		Release|x64 = Release|x64
		Release|x86 = Release|x86
	EndGlobalSection
	GlobalSection(ProjectConfigurationPlatforms) = postSolution
		{98719EB1-CE41-450D-9DA3-B53EB0E3E9E1}.Debug|x64.ActiveCfg = Debug|x64
		{98719EB1-CE41-450D-9DA3-B53EB0E3E9E1}.Debug|x64.Build.0 = Debug|x64
		{98719EB1-CE41-450D-9DA3-B53EB0E3E9E1}.Debug|x86.ActiveCfg = Debug|Win32
		{98719EB1-CE41-450D-9DA3-B53EB0E3E9E1}.Debug|x86.Build.0 = Debug|Win32
		{98719EB1-CE41-450D-9DA3-B53EB0E3E9E1}.Release|x64.ActiveCfg = Release|x64
		{98719EB1-CE41-450D-9DA3-B53EB0E3E9E1}.Release|x64.Build.0 = Release|x64
		{98719EB1-CE41-450D-9DA3-B53EB0E3E9E1}.Release|x86.ActiveCfg = Release|Win32
		{98719EB1-CE41-450D-9DA3-B53EB0E3E9E1}.Release|x86.Build.0 = Release|Win32
	EndGlobalSection
	GlobalSection(SolutionProperties) = preSolution
		HideSolutionNode = FALSE
	EndGlobalSection
	GlobalSection(ExtensibilityGlobals) = postSolution
		SolutionGuid = {49AE3626-F889-4891-BDA8-06CB0A623DDF}
	EndGlobalSection
EndGlobal
