
Microsoft Visual Studio Solution File, Format Version 12.00
# Visual Studio 15
VisualStudioVersion = 15.0.28307.329
MinimumVisualStudioVersion = 10.0.40219.1
Project("{8BC9CEB8-8B4A-11D0-8D11-00A0C91BC942}") = "Practice5", "Practice5\Practice5.vcxproj", "{DD9B596A-CB52-43B8-BDE4-99CB40B53B1E}"
EndProject
Global
	GlobalSection(SolutionConfigurationPlatforms) = preSolution
		Debug|x64 = Debug|x64
		Debug|x86 = Debug|x86
		Release|x64 = Release|x64
		Release|x86 = Release|x86
	EndGlobalSection
	GlobalSection(ProjectConfigurationPlatforms) = postSolution
		{DD9B596A-CB52-43B8-BDE4-99CB40B53B1E}.Debug|x64.ActiveCfg = Debug|x64
		{DD9B596A-CB52-43B8-BDE4-99CB40B53B1E}.Debug|x64.Build.0 = Debug|x64
		{DD9B596A-CB52-43B8-BDE4-99CB40B53B1E}.Debug|x86.ActiveCfg = Debug|Win32
		{DD9B596A-CB52-43B8-BDE4-99CB40B53B1E}.Debug|x86.Build.0 = Debug|Win32
		{DD9B596A-CB52-43B8-BDE4-99CB40B53B1E}.Release|x64.ActiveCfg = Release|x64
		{DD9B596A-CB52-43B8-BDE4-99CB40B53B1E}.Release|x64.Build.0 = Release|x64
		{DD9B596A-CB52-43B8-BDE4-99CB40B53B1E}.Release|x86.ActiveCfg = Release|Win32
		{DD9B596A-CB52-43B8-BDE4-99CB40B53B1E}.Release|x86.Build.0 = Release|Win32
	EndGlobalSection
	GlobalSection(SolutionProperties) = preSolution
		HideSolutionNode = FALSE
	EndGlobalSection
	GlobalSection(ExtensibilityGlobals) = postSolution
		SolutionGuid = {04FB7F87-6A68-41C9-B119-4891BC0F5787}
	EndGlobalSection
EndGlobal
